
Microsoft Visual Studio Solution File, Format Version 12.00
# Visual Studio 15
VisualStudioVersion = 15.0.25914.0
MinimumVisualStudioVersion = 10.0.40219.1
Project("{2150E333-8FDC-42A3-9474-1A3956D46DE8}") = "src", "src", "{AC61A022-6EE2-4928-9639-9B3F5FF30E43}"
EndProject
Project("{2150E333-8FDC-42A3-9474-1A3956D46DE8}") = "Solution Items", "Solution Items", "{09E170F4-2ACE-4E70-9073-0F3572DE3845}"
	ProjectSection(SolutionItems) = preProject
		global.json = global.json
	EndProjectSection
EndProject
Project("{2150E333-8FDC-42A3-9474-1A3956D46DE8}") = "test", "test", "{250FB2F2-5B6C-43DF-88C6-843FD7F7B2F3}"
EndProject
Project("{9A19103F-16F7-4668-BE54-9A1E7A4F7556}") = "ValueEnumerable", "src\ValueEnumerable\ValueEnumerable.csproj", "{2667183D-8C16-4024-8390-E4CAC29F4A5D}"
EndProject
Project("{FAE04EC0-301F-11D3-BF4B-00C04F79EFBC}") = "ValueEnumerable.Tests", "test\ValueEnumerable.Tests\ValueEnumerable.Tests.csproj", "{F33829F9-11D1-4FBA-BC99-8359CFB7C2DF}"
EndProject
Project("{FAE04EC0-301F-11D3-BF4B-00C04F79EFBC}") = "ValueEnumerable.Bench", "test\ValueEnumerable.Bench\ValueEnumerable.Bench.csproj", "{B85CCB9C-818C-485D-94AA-A3DF829CF19B}"
EndProject
Global
	GlobalSection(SolutionConfigurationPlatforms) = preSolution
		Debug|Any CPU = Debug|Any CPU
		Release|Any CPU = Release|Any CPU
	EndGlobalSection
	GlobalSection(ProjectConfigurationPlatforms) = postSolution
		{2667183D-8C16-4024-8390-E4CAC29F4A5D}.Debug|Any CPU.ActiveCfg = Debug|Any CPU
		{2667183D-8C16-4024-8390-E4CAC29F4A5D}.Debug|Any CPU.Build.0 = Debug|Any CPU
		{2667183D-8C16-4024-8390-E4CAC29F4A5D}.Release|Any CPU.ActiveCfg = Debug|Any CPU
		{2667183D-8C16-4024-8390-E4CAC29F4A5D}.Release|Any CPU.Build.0 = Debug|Any CPU
		{F33829F9-11D1-4FBA-BC99-8359CFB7C2DF}.Debug|Any CPU.ActiveCfg = Debug|Any CPU
		{F33829F9-11D1-4FBA-BC99-8359CFB7C2DF}.Debug|Any CPU.Build.0 = Debug|Any CPU
		{F33829F9-11D1-4FBA-BC99-8359CFB7C2DF}.Release|Any CPU.ActiveCfg = Release|Any CPU
		{F33829F9-11D1-4FBA-BC99-8359CFB7C2DF}.Release|Any CPU.Build.0 = Release|Any CPU
		{B85CCB9C-818C-485D-94AA-A3DF829CF19B}.Debug|Any CPU.ActiveCfg = Debug|Any CPU
		{B85CCB9C-818C-485D-94AA-A3DF829CF19B}.Debug|Any CPU.Build.0 = Debug|Any CPU
		{B85CCB9C-818C-485D-94AA-A3DF829CF19B}.Release|Any CPU.ActiveCfg = Release|Any CPU
		{B85CCB9C-818C-485D-94AA-A3DF829CF19B}.Release|Any CPU.Build.0 = Release|Any CPU
	EndGlobalSection
	GlobalSection(SolutionProperties) = preSolution
		HideSolutionNode = FALSE
	EndGlobalSection
	GlobalSection(NestedProjects) = preSolution
		{2667183D-8C16-4024-8390-E4CAC29F4A5D} = {AC61A022-6EE2-4928-9639-9B3F5FF30E43}
		{F33829F9-11D1-4FBA-BC99-8359CFB7C2DF} = {250FB2F2-5B6C-43DF-88C6-843FD7F7B2F3}
		{B85CCB9C-818C-485D-94AA-A3DF829CF19B} = {250FB2F2-5B6C-43DF-88C6-843FD7F7B2F3}
	EndGlobalSection
EndGlobal
